
Microsoft Visual Studio Solution File, Format Version 12.00
# Visual Studio Version 17
VisualStudioVersion = 17.10.35027.167
MinimumVisualStudioVersion = 10.0.40219.1
Project("{FAE04EC0-301F-11D3-BF4B-00C04F79EFBC}") = "MicrosoftAuth.POC.Backend", "MicrosoftAuth.POC.Backend.csproj", "{1174FAF5-2A5A-4750-96D2-B3E36E6286F4}"
EndProject
Global
	GlobalSection(SolutionConfigurationPlatforms) = preSolution
		Debug|Any CPU = Debug|Any CPU
		Release|Any CPU = Release|Any CPU
	EndGlobalSection
	GlobalSection(ProjectConfigurationPlatforms) = postSolution
		{1174FAF5-2A5A-4750-96D2-B3E36E6286F4}.Debug|Any CPU.ActiveCfg = Debug|Any CPU
		{1174FAF5-2A5A-4750-96D2-B3E36E6286F4}.Debug|Any CPU.Build.0 = Debug|Any CPU
		{1174FAF5-2A5A-4750-96D2-B3E36E6286F4}.Release|Any CPU.ActiveCfg = Release|Any CPU
		{1174FAF5-2A5A-4750-96D2-B3E36E6286F4}.Release|Any CPU.Build.0 = Release|Any CPU
	EndGlobalSection
	GlobalSection(SolutionProperties) = preSolution
		HideSolutionNode = FALSE
	EndGlobalSection
	GlobalSection(ExtensibilityGlobals) = postSolution
		SolutionGuid = {70E6A6C4-D656-4C81-AB06-C476BBE20F4E}
	EndGlobalSection
EndGlobal
